
Microsoft Visual Studio Solution File, Format Version 12.00
# Visual Studio Version 17
VisualStudioVersion = 17.9.34607.119
MinimumVisualStudioVersion = 10.0.40219.1
Project("{FAE04EC0-301F-11D3-BF4B-00C04F79EFBC}") = "ConsoleApp1", "ConsoleApp1\ConsoleApp1.csproj", "{ACF3D837-A827-4CE2-902C-1E2994FCD425}"
EndProject
Project("{FAE04EC0-301F-11D3-BF4B-00C04F79EFBC}") = "ConsoleApp2", "ConsoleApp2\ConsoleApp2.csproj", "{D952987D-4F58-4961-A4B1-92E3DF6720F3}"
EndProject
Project("{FAE04EC0-301F-11D3-BF4B-00C04F79EFBC}") = "ConsoleApp3", "ConsoleApp3\ConsoleApp3.csproj", "{C42F455B-807A-47BE-8E41-007C27AB03E3}"
EndProject
Project("{FAE04EC0-301F-11D3-BF4B-00C04F79EFBC}") = "ConsoleApp4", "ConsoleApp4\ConsoleApp4.csproj", "{9A878849-8276-4A5E-9D71-CE397926BFFA}"
EndProject
Global
	GlobalSection(SolutionConfigurationPlatforms) = preSolution
		Debug|Any CPU = Debug|Any CPU
		Release|Any CPU = Release|Any CPU
	EndGlobalSection
	GlobalSection(ProjectConfigurationPlatforms) = postSolution
		{ACF3D837-A827-4CE2-902C-1E2994FCD425}.Debug|Any CPU.ActiveCfg = Debug|Any CPU
		{ACF3D837-A827-4CE2-902C-1E2994FCD425}.Debug|Any CPU.Build.0 = Debug|Any CPU
		{ACF3D837-A827-4CE2-902C-1E2994FCD425}.Release|Any CPU.ActiveCfg = Release|Any CPU
		{ACF3D837-A827-4CE2-902C-1E2994FCD425}.Release|Any CPU.Build.0 = Release|Any CPU
		{D952987D-4F58-4961-A4B1-92E3DF6720F3}.Debug|Any CPU.ActiveCfg = Debug|Any CPU
		{D952987D-4F58-4961-A4B1-92E3DF6720F3}.Debug|Any CPU.Build.0 = Debug|Any CPU
		{D952987D-4F58-4961-A4B1-92E3DF6720F3}.Release|Any CPU.ActiveCfg = Release|Any CPU
		{D952987D-4F58-4961-A4B1-92E3DF6720F3}.Release|Any CPU.Build.0 = Release|Any CPU
		{C42F455B-807A-47BE-8E41-007C27AB03E3}.Debug|Any CPU.ActiveCfg = Debug|Any CPU
		{C42F455B-807A-47BE-8E41-007C27AB03E3}.Debug|Any CPU.Build.0 = Debug|Any CPU
		{C42F455B-807A-47BE-8E41-007C27AB03E3}.Release|Any CPU.ActiveCfg = Release|Any CPU
		{C42F455B-807A-47BE-8E41-007C27AB03E3}.Release|Any CPU.Build.0 = Release|Any CPU
		{9A878849-8276-4A5E-9D71-CE397926BFFA}.Debug|Any CPU.ActiveCfg = Debug|Any CPU
		{9A878849-8276-4A5E-9D71-CE397926BFFA}.Debug|Any CPU.Build.0 = Debug|Any CPU
		{9A878849-8276-4A5E-9D71-CE397926BFFA}.Release|Any CPU.ActiveCfg = Release|Any CPU
		{9A878849-8276-4A5E-9D71-CE397926BFFA}.Release|Any CPU.Build.0 = Release|Any CPU
	EndGlobalSection
	GlobalSection(SolutionProperties) = preSolution
		HideSolutionNode = FALSE
	EndGlobalSection
	GlobalSection(ExtensibilityGlobals) = postSolution
		SolutionGuid = {D771F392-2306-4276-AAE4-4E40C7B6BA00}
	EndGlobalSection
EndGlobal
